
Microsoft Visual Studio Solution File, Format Version 12.00
# Visual Studio Version 17
VisualStudioVersion = 17.0.31903.59
MinimumVisualStudioVersion = 10.0.40219.1
Project("{2150E333-8FDC-42A3-9474-1A3956D46DE8}") = "src", "src", "{5222057F-6B2E-458D-8FE4-FE756663E567}"
EndProject
Project("{FAE04EC0-301F-11D3-BF4B-00C04F79EFBC}") = "API.Gateway", "src\api-gateway\API.Gateway.csproj", "{E9BD6132-02DA-4866-BAFA-BD5F21A29C9D}"
EndProject
Project("{2150E333-8FDC-42A3-9474-1A3956D46DE8}") = "services", "services", "{67321792-29C3-4A97-A05A-B4123F33F605}"
EndProject
Project("{FAE04EC0-301F-11D3-BF4B-00C04F79EFBC}") = "User.Service", "src\services\user-service\User.Service.csproj", "{49A838D2-6FBB-4EFB-997D-7EC525827A7C}"
EndProject
Project("{FAE04EC0-301F-11D3-BF4B-00C04F79EFBC}") = "Hotel.Service", "src\services\hotel-service\Hotel.Service.csproj", "{AF563380-BE86-4355-8533-71E03A4BD618}"
EndProject
Project("{FAE04EC0-301F-11D3-BF4B-00C04F79EFBC}") = "Room.Service", "src\services\room-service\Room.Service.csproj", "{E1A75BB5-37FE-49A1-84C3-C2B4BF93F700}"
EndProject
Project("{FAE04EC0-301F-11D3-BF4B-00C04F79EFBC}") = "Rate.Service", "src\services\rate-service\Rate.Service.csproj", "{BD82FFA3-7026-46C4-92B6-94287A60650C}"
EndProject
Project("{FAE04EC0-301F-11D3-BF4B-00C04F79EFBC}") = "Pricing.Service", "src\services\pricing-service\Pricing.Service.csproj", "{5F767C41-5CF7-4AE2-BF93-3AB791A481CC}"
EndProject
Project("{FAE04EC0-301F-11D3-BF4B-00C04F79EFBC}") = "Payment.Service", "src\services\payment-service\Payment.Service.csproj", "{44D7DA4E-D79F-454D-B012-43DC2FFA1F5A}"
EndProject
Project("{FAE04EC0-301F-11D3-BF4B-00C04F79EFBC}") = "Booking.Service", "src\services\booking-service\Booking.Service.csproj", "{39C32D2A-B185-494D-B173-9E77511EC7FA}"
EndProject
Project("{FAE04EC0-301F-11D3-BF4B-00C04F79EFBC}") = "Shared", "src\shared\Shared.csproj", "{9AD0D352-3A7C-4B18-B479-C60484899F6C}"
EndProject
Project("{FAE04EC0-301F-11D3-BF4B-00C04F79EFBC}") = "NotificationService", "src\services\notification-service\NotificationService.csproj", "{6E832B67-0B18-4152-9B28-BF139DD27377}"
EndProject
Global
	GlobalSection(SolutionConfigurationPlatforms) = preSolution
		Debug|Any CPU = Debug|Any CPU
		Release|Any CPU = Release|Any CPU
	EndGlobalSection
	GlobalSection(SolutionProperties) = preSolution
		HideSolutionNode = FALSE
	EndGlobalSection
	GlobalSection(ProjectConfigurationPlatforms) = postSolution
		{E9BD6132-02DA-4866-BAFA-BD5F21A29C9D}.Debug|Any CPU.ActiveCfg = Debug|Any CPU
		{E9BD6132-02DA-4866-BAFA-BD5F21A29C9D}.Debug|Any CPU.Build.0 = Debug|Any CPU
		{E9BD6132-02DA-4866-BAFA-BD5F21A29C9D}.Release|Any CPU.ActiveCfg = Release|Any CPU
		{E9BD6132-02DA-4866-BAFA-BD5F21A29C9D}.Release|Any CPU.Build.0 = Release|Any CPU
		{49A838D2-6FBB-4EFB-997D-7EC525827A7C}.Debug|Any CPU.ActiveCfg = Debug|Any CPU
		{49A838D2-6FBB-4EFB-997D-7EC525827A7C}.Debug|Any CPU.Build.0 = Debug|Any CPU
		{49A838D2-6FBB-4EFB-997D-7EC525827A7C}.Release|Any CPU.ActiveCfg = Release|Any CPU
		{49A838D2-6FBB-4EFB-997D-7EC525827A7C}.Release|Any CPU.Build.0 = Release|Any CPU
		{AF563380-BE86-4355-8533-71E03A4BD618}.Debug|Any CPU.ActiveCfg = Debug|Any CPU
		{AF563380-BE86-4355-8533-71E03A4BD618}.Debug|Any CPU.Build.0 = Debug|Any CPU
		{AF563380-BE86-4355-8533-71E03A4BD618}.Release|Any CPU.ActiveCfg = Release|Any CPU
		{AF563380-BE86-4355-8533-71E03A4BD618}.Release|Any CPU.Build.0 = Release|Any CPU
		{E1A75BB5-37FE-49A1-84C3-C2B4BF93F700}.Debug|Any CPU.ActiveCfg = Debug|Any CPU
		{E1A75BB5-37FE-49A1-84C3-C2B4BF93F700}.Debug|Any CPU.Build.0 = Debug|Any CPU
		{E1A75BB5-37FE-49A1-84C3-C2B4BF93F700}.Release|Any CPU.ActiveCfg = Release|Any CPU
		{E1A75BB5-37FE-49A1-84C3-C2B4BF93F700}.Release|Any CPU.Build.0 = Release|Any CPU
		{BD82FFA3-7026-46C4-92B6-94287A60650C}.Debug|Any CPU.ActiveCfg = Debug|Any CPU
		{BD82FFA3-7026-46C4-92B6-94287A60650C}.Debug|Any CPU.Build.0 = Debug|Any CPU
		{BD82FFA3-7026-46C4-92B6-94287A60650C}.Release|Any CPU.ActiveCfg = Release|Any CPU
		{BD82FFA3-7026-46C4-92B6-94287A60650C}.Release|Any CPU.Build.0 = Release|Any CPU
		{5F767C41-5CF7-4AE2-BF93-3AB791A481CC}.Debug|Any CPU.ActiveCfg = Debug|Any CPU
		{5F767C41-5CF7-4AE2-BF93-3AB791A481CC}.Debug|Any CPU.Build.0 = Debug|Any CPU
		{5F767C41-5CF7-4AE2-BF93-3AB791A481CC}.Release|Any CPU.ActiveCfg = Release|Any CPU
		{5F767C41-5CF7-4AE2-BF93-3AB791A481CC}.Release|Any CPU.Build.0 = Release|Any CPU
		{44D7DA4E-D79F-454D-B012-43DC2FFA1F5A}.Debug|Any CPU.ActiveCfg = Debug|Any CPU
		{44D7DA4E-D79F-454D-B012-43DC2FFA1F5A}.Debug|Any CPU.Build.0 = Debug|Any CPU
		{44D7DA4E-D79F-454D-B012-43DC2FFA1F5A}.Release|Any CPU.ActiveCfg = Release|Any CPU
		{44D7DA4E-D79F-454D-B012-43DC2FFA1F5A}.Release|Any CPU.Build.0 = Release|Any CPU
		{39C32D2A-B185-494D-B173-9E77511EC7FA}.Debug|Any CPU.ActiveCfg = Debug|Any CPU
		{39C32D2A-B185-494D-B173-9E77511EC7FA}.Debug|Any CPU.Build.0 = Debug|Any CPU
		{39C32D2A-B185-494D-B173-9E77511EC7FA}.Release|Any CPU.ActiveCfg = Release|Any CPU
		{39C32D2A-B185-494D-B173-9E77511EC7FA}.Release|Any CPU.Build.0 = Release|Any CPU
		{9AD0D352-3A7C-4B18-B479-C60484899F6C}.Debug|Any CPU.ActiveCfg = Debug|Any CPU
		{9AD0D352-3A7C-4B18-B479-C60484899F6C}.Debug|Any CPU.Build.0 = Debug|Any CPU
		{9AD0D352-3A7C-4B18-B479-C60484899F6C}.Release|Any CPU.ActiveCfg = Release|Any CPU
		{9AD0D352-3A7C-4B18-B479-C60484899F6C}.Release|Any CPU.Build.0 = Release|Any CPU
		{6E832B67-0B18-4152-9B28-BF139DD27377}.Debug|Any CPU.ActiveCfg = Debug|Any CPU
		{6E832B67-0B18-4152-9B28-BF139DD27377}.Debug|Any CPU.Build.0 = Debug|Any CPU
		{6E832B67-0B18-4152-9B28-BF139DD27377}.Release|Any CPU.ActiveCfg = Release|Any CPU
		{6E832B67-0B18-4152-9B28-BF139DD27377}.Release|Any CPU.Build.0 = Release|Any CPU
	EndGlobalSection
	GlobalSection(NestedProjects) = preSolution
		{E9BD6132-02DA-4866-BAFA-BD5F21A29C9D} = {5222057F-6B2E-458D-8FE4-FE756663E567}
		{67321792-29C3-4A97-A05A-B4123F33F605} = {5222057F-6B2E-458D-8FE4-FE756663E567}
		{49A838D2-6FBB-4EFB-997D-7EC525827A7C} = {67321792-29C3-4A97-A05A-B4123F33F605}
		{AF563380-BE86-4355-8533-71E03A4BD618} = {67321792-29C3-4A97-A05A-B4123F33F605}
		{E1A75BB5-37FE-49A1-84C3-C2B4BF93F700} = {67321792-29C3-4A97-A05A-B4123F33F605}
		{BD82FFA3-7026-46C4-92B6-94287A60650C} = {67321792-29C3-4A97-A05A-B4123F33F605}
		{5F767C41-5CF7-4AE2-BF93-3AB791A481CC} = {67321792-29C3-4A97-A05A-B4123F33F605}
		{44D7DA4E-D79F-454D-B012-43DC2FFA1F5A} = {67321792-29C3-4A97-A05A-B4123F33F605}
		{39C32D2A-B185-494D-B173-9E77511EC7FA} = {67321792-29C3-4A97-A05A-B4123F33F605}
		{9AD0D352-3A7C-4B18-B479-C60484899F6C} = {5222057F-6B2E-458D-8FE4-FE756663E567}
		{6E832B67-0B18-4152-9B28-BF139DD27377} = {67321792-29C3-4A97-A05A-B4123F33F605}
	EndGlobalSection
EndGlobal
